<?xml version="1.0" encoding="UTF-8" standalone="yes" ?>
<CodeBlocks_project_file>
	<FileVersion major="1" minor="6" />
	<Project>
		<Option title="Jewel Heist" />
		<Option pch_mode="2" />
		<Option compiler="gcc" />
		<Build>
			<Target title="Release">
				<Option output="bin/Release/Jewel Heist" prefix_auto="1" extension_auto="1" />
				<Option object_output="obj/Release/" />
				<Option type="1" />
				<Option compiler="gcc" />
				<Compiler>
					<Add option="-O2" />
				</Compiler>
				<Linker>
					<Add option="-s" />
				</Linker>
			</Target>
		</Build>
		<Compiler>
			<Add option="-Wall" />
		</Compiler>
		<Unit filename="Character.cpp" />
		<Unit filename="EndState.cpp" />
		<Unit filename="Entity.h" />
		<Unit filename="EntitySubclass.h" />
		<Unit filename="GameState.cpp" />
		<Unit filename="Runner.cpp" />
		<Unit filename="State.cpp" />
		<Unit filename="State.h" />
		<Unit filename="StateManager.cpp" />
		<Unit filename="StateManager.h" />
		<Unit filename="StateSubclass.h" />
		<Unit filename="TestState.cpp" />
		<Unit filename="Universal.h" />
		<Unit filename="map.cpp" />
		<Unit filename="map.h" />
		<Unit filename="mapgenerator.cpp" />
		<Unit filename="mapgenerator.h" />
		<Unit filename="tile.cpp" />
		<Unit filename="tile.h" />
		<Extensions>
			<code_completion />
			<envvars />
			<debugger />
			<lib_finder disable_auto="1" />
		</Extensions>
	</Project>
</CodeBlocks_project_file>
